// !$*UTF8*$!
{
	archiveVersion = 1;
	classes = {
	};
	objectVersion = 50;
	objects = {

/* Begin PBXBuildFile section */
		184606B42600A7F300056702 /* AppDelegate.swift in Sources */ = {isa = PBXBuildFile; fileRef = 184606B32600A7F300056702 /* AppDelegate.swift */; };
		184606B62600A7F300056702 /* SceneDelegate.swift in Sources */ = {isa = PBXBuildFile; fileRef = 184606B52600A7F300056702 /* SceneDelegate.swift */; };
		184606B82600A7F300056702 /* TabViewController.swift in Sources */ = {isa = PBXBuildFile; fileRef = 184606B72600A7F300056702 /* TabViewController.swift */; };
		184606BB2600A7F300056702 /* Main.storyboard in Resources */ = {isa = PBXBuildFile; fileRef = 184606B92600A7F300056702 /* Main.storyboard */; };
		184606BE2600A7F300056702 /* CustomTabViewController.xcdatamodeld in Sources */ = {isa = PBXBuildFile; fileRef = 184606BC2600A7F300056702 /* CustomTabViewController.xcdatamodeld */; };
		184606C02600A7F600056702 /* Assets.xcassets in Resources */ = {isa = PBXBuildFile; fileRef = 184606BF2600A7F600056702 /* Assets.xcassets */; };
		184606C32600A7F600056702 /* LaunchScreen.storyboard in Resources */ = {isa = PBXBuildFile; fileRef = 184606C12600A7F600056702 /* LaunchScreen.storyboard */; };
		184606CD2600AC2800056702 /* HomeViewController.swift in Sources */ = {isa = PBXBuildFile; fileRef = 184606CC2600AC2800056702 /* HomeViewController.swift */; };
		184606D02600ACA900056702 /* SearchViewController.swift in Sources */ = {isa = PBXBuildFile; fileRef = 184606CF2600ACA900056702 /* SearchViewController.swift */; };
		184606D32600ACE000056702 /* BookViewController.swift in Sources */ = {isa = PBXBuildFile; fileRef = 184606D22600ACE000056702 /* BookViewController.swift */; };
		184606D62600AD0300056702 /* ProfileViewController.swift in Sources */ = {isa = PBXBuildFile; fileRef = 184606D52600AD0300056702 /* ProfileViewController.swift */; };
/* End PBXBuildFile section */

/* Begin PBXFileReference section */
		184606B02600A7F300056702 /* CustomTabViewController.app */ = {isa = PBXFileReference; explicitFileType = wrapper.application; includeInIndex = 0; path = CustomTabViewController.app; sourceTree = BUILT_PRODUCTS_DIR; };
		184606B32600A7F300056702 /* AppDelegate.swift */ = {isa = PBXFileReference; lastKnownFileType = sourcecode.swift; path = AppDelegate.swift; sourceTree = "<group>"; };
		184606B52600A7F300056702 /* SceneDelegate.swift */ = {isa = PBXFileReference; lastKnownFileType = sourcecode.swift; path = SceneDelegate.swift; sourceTree = "<group>"; };
		184606B72600A7F300056702 /* TabViewController.swift */ = {isa = PBXFileReference; lastKnownFileType = sourcecode.swift; path = TabViewController.swift; sourceTree = "<group>"; };
		184606BA2600A7F300056702 /* Base */ = {isa = PBXFileReference; lastKnownFileType = file.storyboard; name = Base; path = Base.lproj/Main.storyboard; sourceTree = "<group>"; };
		184606BD2600A7F300056702 /* CustomTabViewController.xcdatamodel */ = {isa = PBXFileReference; lastKnownFileType = wrapper.xcdatamodel; path = CustomTabViewController.xcdatamodel; sourceTree = "<group>"; };
		184606BF2600A7F600056702 /* Assets.xcassets */ = {isa = PBXFileReference; lastKnownFileType = folder.assetcatalog; path = Assets.xcassets; sourceTree = "<group>"; };
		184606C22600A7F600056702 /* Base */ = {isa = PBXFileReference; lastKnownFileType = file.storyboard; name = Base; path = Base.lproj/LaunchScreen.storyboard; sourceTree = "<group>"; };
		184606C42600A7F600056702 /* Info.plist */ = {isa = PBXFileReference; lastKnownFileType = text.plist.xml; path = Info.plist; sourceTree = "<group>"; };
		184606CC2600AC2800056702 /* HomeViewController.swift */ = {isa = PBXFileReference; lastKnownFileType = sourcecode.swift; path = HomeViewController.swift; sourceTree = "<group>"; };
		184606CF2600ACA900056702 /* SearchViewController.swift */ = {isa = PBXFileReference; lastKnownFileType = sourcecode.swift; path = SearchViewController.swift; sourceTree = "<group>"; };
		184606D22600ACE000056702 /* BookViewController.swift */ = {isa = PBXFileReference; lastKnownFileType = sourcecode.swift; path = BookViewController.swift; sourceTree = "<group>"; };
		184606D52600AD0300056702 /* ProfileViewController.swift */ = {isa = PBXFileReference; lastKnownFileType = sourcecode.swift; path = ProfileViewController.swift; sourceTree = "<group>"; };
/* End PBXFileReference section */

/* Begin PBXFrameworksBuildPhase section */
		184606AD2600A7F300056702 /* Frameworks */ = {
			isa = PBXFrameworksBuildPhase;
			buildActionMask = 2147483647;
			files = (
			);
			runOnlyForDeploymentPostprocessing = 0;
		};
/* End PBXFrameworksBuildPhase section */

/* Begin PBXGroup section */
		184606A72600A7F300056702 = {
			isa = PBXGroup;
			children = (
				184606B22600A7F300056702 /* CustomTabViewController */,
				184606B12600A7F300056702 /* Products */,
			);
			sourceTree = "<group>";
		};
		184606B12600A7F300056702 /* Products */ = {
			isa = PBXGroup;
			children = (
				184606B02600A7F300056702 /* CustomTabViewController.app */,
			);
			name = Products;
			sourceTree = "<group>";
		};
		184606B22600A7F300056702 /* CustomTabViewController */ = {
			isa = PBXGroup;
			children = (
				184606B32600A7F300056702 /* AppDelegate.swift */,
				184606B52600A7F300056702 /* SceneDelegate.swift */,
				184606B72600A7F300056702 /* TabViewController.swift */,
				184606B92600A7F300056702 /* Main.storyboard */,
				184606BF2600A7F600056702 /* Assets.xcassets */,
				184606C12600A7F600056702 /* LaunchScreen.storyboard */,
				184606C42600A7F600056702 /* Info.plist */,
				184606BC2600A7F300056702 /* CustomTabViewController.xcdatamodeld */,
				184606CC2600AC2800056702 /* HomeViewController.swift */,
				184606CF2600ACA900056702 /* SearchViewController.swift */,
				184606D22600ACE000056702 /* BookViewController.swift */,
				184606D52600AD0300056702 /* ProfileViewController.swift */,
			);
			path = CustomTabViewController;
			sourceTree = "<group>";
		};
/* End PBXGroup section */

/* Begin PBXNativeTarget section */
		184606AF2600A7F300056702 /* CustomTabViewController */ = {
			isa = PBXNativeTarget;
			buildConfigurationList = 184606C72600A7F600056702 /* Build configuration list for PBXNativeTarget "CustomTabViewController" */;
			buildPhases = (
				184606AC2600A7F300056702 /* Sources */,
				184606AD2600A7F300056702 /* Frameworks */,
				184606AE2600A7F300056702 /* Resources */,
			);
			buildRules = (
			);
			dependencies = (
			);
			name = CustomTabViewController;
			productName = CustomTabViewController;
			productReference = 184606B02600A7F300056702 /* CustomTabViewController.app */;
			productType = "com.apple.product-type.application";
		};
/* End PBXNativeTarget section */

/* Begin PBXProject section */
		184606A82600A7F300056702 /* Project object */ = {
			isa = PBXProject;
			attributes = {
				LastSwiftUpdateCheck = 1220;
				LastUpgradeCheck = 1220;
				TargetAttributes = {
					184606AF2600A7F300056702 = {
						CreatedOnToolsVersion = 12.2;
					};
				};
			};
			buildConfigurationList = 184606AB2600A7F300056702 /* Build configuration list for PBXProject "CustomTabViewController" */;
			compatibilityVersion = "Xcode 9.3";
			developmentRegion = en;
			hasScannedForEncodings = 0;
			knownRegions = (
				en,
				Base,
			);
			mainGroup = 184606A72600A7F300056702;
			productRefGroup = 184606B12600A7F300056702 /* Products */;
			projectDirPath = "";
			projectRoot = "";
			targets = (
				184606AF2600A7F300056702 /* CustomTabViewController */,
			);
		};
/* End PBXProject section */

/* Begin PBXResourcesBuildPhase section */
		184606AE2600A7F300056702 /* Resources */ = {
			isa = PBXResourcesBuildPhase;
			buildActionMask = 2147483647;
			files = (
				184606C32600A7F600056702 /* LaunchScreen.storyboard in Resources */,
				184606C02600A7F600056702 /* Assets.xcassets in Resources */,
				184606BB2600A7F300056702 /* Main.storyboard in Resources */,
			);
			runOnlyForDeploymentPostprocessing = 0;
		};
/* End PBXResourcesBuildPhase section */

/* Begin PBXSourcesBuildPhase section */
		184606AC2600A7F300056702 /* Sources */ = {
			isa = PBXSourcesBuildPhase;
			buildActionMask = 2147483647;
			files = (
				184606D02600ACA900056702 /* SearchViewController.swift in Sources */,
				184606CD2600AC2800056702 /* HomeViewController.swift in Sources */,
				184606B82600A7F300056702 /* TabViewController.swift in Sources */,
				184606D32600ACE000056702 /* BookViewController.swift in Sources */,
				184606BE2600A7F300056702 /* CustomTabViewController.xcdatamodeld in Sources */,
				184606B42600A7F300056702 /* AppDelegate.swift in Sources */,
				184606D62600AD0300056702 /* ProfileViewController.swift in Sources */,
				184606B62600A7F300056702 /* SceneDelegate.swift in Sources */,
			);
			runOnlyForDeploymentPostprocessing = 0;
		};
/* End PBXSourcesBuildPhase section */

/* Begin PBXVariantGroup section */
		184606B92600A7F300056702 /* Main.storyboard */ = {
			isa = PBXVariantGroup;
			children = (
				184606BA2600A7F300056702 /* Base */,
			);
			name = Main.storyboard;
			sourceTree = "<group>";
		};
		184606C12600A7F600056702 /* LaunchScreen.storyboard */ = {
			isa = PBXVariantGroup;
			children = (
				184606C22600A7F600056702 /* Base */,
			);
			name = LaunchScreen.storyboard;
			sourceTree = "<group>";
		};
/* End PBXVariantGroup section */

/* Begin XCBuildConfiguration section */
		184606C52600A7F600056702 /* Debug */ = {
			isa = XCBuildConfiguration;
			buildSettings = {
				ALWAYS_SEARCH_USER_PATHS = NO;
				CLANG_ANALYZER_NONNULL = YES;
				CLANG_ANALYZER_NUMBER_OBJECT_CONVERSION = YES_AGGRESSIVE;
				CLANG_CXX_LANGUAGE_STANDARD = "gnu++14";
				CLANG_CXX_LIBRARY = "libc++";
				CLANG_ENABLE_MODULES = YES;
				CLANG_ENABLE_OBJC_ARC = YES;
				CLANG_ENABLE_OBJC_WEAK = YES;
				CLANG_WARN_BLOCK_CAPTURE_AUTORELEASING = YES;
				CLANG_WARN_BOOL_CONVERSION = YES;
				CLANG_WARN_COMMA = YES;
				CLANG_WARN_CONSTANT_CONVERSION = YES;
				CLANG_WARN_DEPRECATED_OBJC_IMPLEMENTATIONS = YES;
				CLANG_WARN_DIRECT_OBJC_ISA_USAGE = YES_ERROR;
				CLANG_WARN_DOCUMENTATION_COMMENTS = YES;
				CLANG_WARN_EMPTY_BODY = YES;
				CLANG_WARN_ENUM_CONVERSION = YES;
				CLANG_WARN_INFINITE_RECURSION = YES;
				CLANG_WARN_INT_CONVERSION = YES;
				CLANG_WARN_NON_LITERAL_NULL_CONVERSION = YES;
				CLANG_WARN_OBJC_IMPLICIT_RETAIN_SELF = YES;
				CLANG_WARN_OBJC_LITERAL_CONVERSION = YES;
				CLANG_WARN_OBJC_ROOT_CLASS = YES_ERROR;
				CLANG_WARN_QUOTED_INCLUDE_IN_FRAMEWORK_HEADER = YES;
				CLANG_WARN_RANGE_LOOP_ANALYSIS = YES;
				CLANG_WARN_STRICT_PROTOTYPES = YES;
				CLANG_WARN_SUSPICIOUS_MOVE = YES;
				CLANG_WARN_UNGUARDED_AVAILABILITY = YES_AGGRESSIVE;
				CLANG_WARN_UNREACHABLE_CODE = YES;
				CLANG_WARN__DUPLICATE_METHOD_MATCH = YES;
				COPY_PHASE_STRIP = NO;
				DEBUG_INFORMATION_FORMAT = dwarf;
				ENABLE_STRICT_OBJC_MSGSEND = YES;
				ENABLE_TESTABILITY = YES;
				GCC_C_LANGUAGE_STANDARD = gnu11;
				GCC_DYNAMIC_NO_PIC = NO;
				GCC_NO_COMMON_BLOCKS = YES;
				GCC_OPTIMIZATION_LEVEL = 0;
				GCC_PREPROCESSOR_DEFINITIONS = (
					"DEBUG=1",
					"$(inherited)",
				);
				GCC_WARN_64_TO_32_BIT_CONVERSION = YES;
				GCC_WARN_ABOUT_RETURN_TYPE = YES_ERROR;
				GCC_WARN_UNDECLARED_SELECTOR = YES;
				GCC_WARN_UNINITIALIZED_AUTOS = YES_AGGRESSIVE;
				GCC_WARN_UNUSED_FUNCTION = YES;
				GCC_WARN_UNUSED_VARIABLE = YES;
				IPHONEOS_DEPLOYMENT_TARGET = 14.2;
				MTL_ENABLE_DEBUG_INFO = INCLUDE_SOURCE;
				MTL_FAST_MATH = YES;
				ONLY_ACTIVE_ARCH = YES;
				SDKROOT = iphoneos;
				SWIFT_ACTIVE_COMPILATION_CONDITIONS = DEBUG;
				SWIFT_OPTIMIZATION_LEVEL = "-Onone";
			};
			name = Debug;
		};
		184606C62600A7F600056702 /* Release */ = {
			isa = XCBuildConfiguration;
			buildSettings = {
				ALWAYS_SEARCH_USER_PATHS = NO;
				CLANG_ANALYZER_NONNULL = YES;
				CLANG_ANALYZER_NUMBER_OBJECT_CONVERSION = YES_AGGRESSIVE;
				CLANG_CXX_LANGUAGE_STANDARD = "gnu++14";
				CLANG_CXX_LIBRARY = "libc++";
				CLANG_ENABLE_MODULES = YES;
				CLANG_ENABLE_OBJC_ARC = YES;
				CLANG_ENABLE_OBJC_WEAK = YES;
				CLANG_WARN_BLOCK_CAPTURE_AUTORELEASING = YES;
				CLANG_WARN_BOOL_CONVERSION = YES;
				CLANG_WARN_COMMA = YES;
				CLANG_WARN_CONSTANT_CONVERSION = YES;
				CLANG_WARN_DEPRECATED_OBJC_IMPLEMENTATIONS = YES;
				CLANG_WARN_DIRECT_OBJC_ISA_USAGE = YES_ERROR;
				CLANG_WARN_DOCUMENTATION_COMMENTS = YES;
				CLANG_WARN_EMPTY_BODY = YES;
				CLANG_WARN_ENUM_CONVERSION = YES;
				CLANG_WARN_INFINITE_RECURSION = YES;
				CLANG_WARN_INT_CONVERSION = YES;
				CLANG_WARN_NON_LITERAL_NULL_CONVERSION = YES;
				CLANG_WARN_OBJC_IMPLICIT_RETAIN_SELF = YES;
				CLANG_WARN_OBJC_LITERAL_CONVERSION = YES;
				CLANG_WARN_OBJC_ROOT_CLASS = YES_ERROR;
				CLANG_WARN_QUOTED_INCLUDE_IN_FRAMEWORK_HEADER = YES;
				CLANG_WARN_RANGE_LOOP_ANALYSIS = YES;
				CLANG_WARN_STRICT_PROTOTYPES = YES;
				CLANG_WARN_SUSPICIOUS_MOVE = YES;
				CLANG_WARN_UNGUARDED_AVAILABILITY = YES_AGGRESSIVE;
				CLANG_WARN_UNREACHABLE_CODE = YES;
				CLANG_WARN__DUPLICATE_METHOD_MATCH = YES;
				COPY_PHASE_STRIP = NO;
				DEBUG_INFORMATION_FORMAT = "dwarf-with-dsym";
				ENABLE_NS_ASSERTIONS = NO;
				ENABLE_STRICT_OBJC_MSGSEND = YES;
				GCC_C_LANGUAGE_STANDARD = gnu11;
				GCC_NO_COMMON_BLOCKS = YES;
				GCC_WARN_64_TO_32_BIT_CONVERSION = YES;
				GCC_WARN_ABOUT_RETURN_TYPE = YES_ERROR;
				GCC_WARN_UNDECLARED_SELECTOR = YES;
				GCC_WARN_UNINITIALIZED_AUTOS = YES_AGGRESSIVE;
				GCC_WARN_UNUSED_FUNCTION = YES;
				GCC_WARN_UNUSED_VARIABLE = YES;
				IPHONEOS_DEPLOYMENT_TARGET = 14.2;
				MTL_ENABLE_DEBUG_INFO = NO;
				MTL_FAST_MATH = YES;
				SDKROOT = iphoneos;
				SWIFT_COMPILATION_MODE = wholemodule;
				SWIFT_OPTIMIZATION_LEVEL = "-O";
				VALIDATE_PRODUCT = YES;
			};
			name = Release;
		};
		184606C82600A7F600056702 /* Debug */ = {
			isa = XCBuildConfiguration;
			buildSettings = {
				ASSETCATALOG_COMPILER_APPICON_NAME = AppIcon;
				ASSETCATALOG_COMPILER_GLOBAL_ACCENT_COLOR_NAME = AccentColor;
				CODE_SIGN_STYLE = Automatic;
				DEVELOPMENT_TEAM = 5FHQ49L4X5;
				INFOPLIST_FILE = CustomTabViewController/Info.plist;
				LD_RUNPATH_SEARCH_PATHS = (
					"$(inherited)",
					"@executable_path/Frameworks",
				);
				PRODUCT_BUNDLE_IDENTIFIER = com.impetus.CustomTabViewController;
				PRODUCT_NAME = "$(TARGET_NAME)";
				SWIFT_VERSION = 5.0;
				TARGETED_DEVICE_FAMILY = "1,2";
			};
			name = Debug;
		};
		184606C92600A7F600056702 /* Release */ = {
			isa = XCBuildConfiguration;
			buildSettings = {
				ASSETCATALOG_COMPILER_APPICON_NAME = AppIcon;
				ASSETCATALOG_COMPILER_GLOBAL_ACCENT_COLOR_NAME = AccentColor;
				CODE_SIGN_STYLE = Automatic;
				DEVELOPMENT_TEAM = 5FHQ49L4X5;
				INFOPLIST_FILE = CustomTabViewController/Info.plist;
				LD_RUNPATH_SEARCH_PATHS = (
					"$(inherited)",
					"@executable_path/Frameworks",
				);
				PRODUCT_BUNDLE_IDENTIFIER = com.impetus.CustomTabViewController;
				PRODUCT_NAME = "$(TARGET_NAME)";
				SWIFT_VERSION = 5.0;
				TARGETED_DEVICE_FAMILY = "1,2";
			};
			name = Release;
		};
/* End XCBuildConfiguration section */

/* Begin XCConfigurationList section */
		184606AB2600A7F300056702 /* Build configuration list for PBXProject "CustomTabViewController" */ = {
			isa = XCConfigurationList;
			buildConfigurations = (
				184606C52600A7F600056702 /* Debug */,
				184606C62600A7F600056702 /* Release */,
			);
			defaultConfigurationIsVisible = 0;
			defaultConfigurationName = Release;
		};
		184606C72600A7F600056702 /* Build configuration list for PBXNativeTarget "CustomTabViewController" */ = {
			isa = XCConfigurationList;
			buildConfigurations = (
				184606C82600A7F600056702 /* Debug */,
				184606C92600A7F600056702 /* Release */,
			);
			defaultConfigurationIsVisible = 0;
			defaultConfigurationName = Release;
		};
/* End XCConfigurationList section */

/* Begin XCVersionGroup section */
		184606BC2600A7F300056702 /* CustomTabViewController.xcdatamodeld */ = {
			isa = XCVersionGroup;
			children = (
				184606BD2600A7F300056702 /* CustomTabViewController.xcdatamodel */,
			);
			currentVersion = 184606BD2600A7F300056702 /* CustomTabViewController.xcdatamodel */;
			path = CustomTabViewController.xcdatamodeld;
			sourceTree = "<group>";
			versionGroupType = wrapper.xcdatamodel;
		};
/* End XCVersionGroup section */
	};
	rootObject = 184606A82600A7F300056702 /* Project object */;
}
